
Microsoft Visual Studio Solution File, Format Version 12.00
# Visual Studio 15
VisualStudioVersion = 15.0.28307.1705
MinimumVisualStudioVersion = 10.0.40219.1
Project("{FAE04EC0-301F-11D3-BF4B-00C04F79EFBC}") = "observer-dotnet-example", "observer-dotnet-example\observer-dotnet-example.csproj", "{6EE71420-0747-4322-9C48-9CF3ACD7070B}"
EndProject
Global
	GlobalSection(SolutionConfigurationPlatforms) = preSolution
		Debug|Any CPU = Debug|Any CPU
		Release|Any CPU = Release|Any CPU
	EndGlobalSection
	GlobalSection(ProjectConfigurationPlatforms) = postSolution
		{6EE71420-0747-4322-9C48-9CF3ACD7070B}.Debug|Any CPU.ActiveCfg = Debug|Any CPU
		{6EE71420-0747-4322-9C48-9CF3ACD7070B}.Debug|Any CPU.Build.0 = Debug|Any CPU
		{6EE71420-0747-4322-9C48-9CF3ACD7070B}.Release|Any CPU.ActiveCfg = Release|Any CPU
		{6EE71420-0747-4322-9C48-9CF3ACD7070B}.Release|Any CPU.Build.0 = Release|Any CPU
	EndGlobalSection
	GlobalSection(SolutionProperties) = preSolution
		HideSolutionNode = FALSE
	EndGlobalSection
	GlobalSection(ExtensibilityGlobals) = postSolution
		SolutionGuid = {CB64849C-0545-4E5B-9450-E3A8EEE290E6}
	EndGlobalSection
EndGlobal
